
Microsoft Visual Studio Solution File, Format Version 12.00
# Visual Studio Version 16
VisualStudioVersion = 16.0.31112.23
MinimumVisualStudioVersion = 10.0.40219.1
Project("{9A19103F-16F7-4668-BE54-9A1E7A4F7556}") = "WinFormsApp6", "WinFormsApp6.csproj", "{AA97138F-6833-4CDB-9F40-9DE30BE21B94}"
EndProject
Global
	GlobalSection(SolutionConfigurationPlatforms) = preSolution
		Debug|Any CPU = Debug|Any CPU
		Release|Any CPU = Release|Any CPU
	EndGlobalSection
	GlobalSection(ProjectConfigurationPlatforms) = postSolution
		{AA97138F-6833-4CDB-9F40-9DE30BE21B94}.Debug|Any CPU.ActiveCfg = Debug|Any CPU
		{AA97138F-6833-4CDB-9F40-9DE30BE21B94}.Debug|Any CPU.Build.0 = Debug|Any CPU
		{AA97138F-6833-4CDB-9F40-9DE30BE21B94}.Release|Any CPU.ActiveCfg = Release|Any CPU
		{AA97138F-6833-4CDB-9F40-9DE30BE21B94}.Release|Any CPU.Build.0 = Release|Any CPU
	EndGlobalSection
	GlobalSection(SolutionProperties) = preSolution
		HideSolutionNode = FALSE
	EndGlobalSection
	GlobalSection(ExtensibilityGlobals) = postSolution
		SolutionGuid = {504C4D1C-88A6-482F-966B-252F053F6B5C}
	EndGlobalSection
EndGlobal
